PODS:
  - Alamofire (4.7.2)
  - Starscream (3.0.5)

DEPENDENCIES:
  - Alamofire (~> 4.7)
  - Starscream (~> 3.0.2)

SPEC REPOS:
  https://github.com/cocoapods/specs.git:
    - Alamofire
    - Starscream

SPEC CHECKSUMS:
  Alamofire: e4fa87002c137ba2d8d634d2c51fabcda0d5c223
  Starscream: faf918b2f2eff7d5dd21180646bf015a669673bd

PODFILE CHECKSUM: a786bfba1f1478b9f01e17c347fb7cf8e2a37c51

COCOAPODS: 1.5.3
